%{
  "castore": {:hex, :castore, "1.0.2", "0c6292ecf3e3f20b7c88408f00096337c4bfd99bd46cc2fe63413ddbe45b3573", [:mix], [], "hexpm", "40b2dd2836199203df8500e4a270f10fc006cc95adc8a319e148dc3077391d96"},
  "cc_precompiler": {:hex, :cc_precompiler, "0.1.7", "77de20ac77f0e53f20ca82c563520af0237c301a1ec3ab3bc598e8a96c7ee5d9", [:mix], [{:elixir_make, "~> 0.7.3", [hex: :elixir_make, repo: "hexpm", optional: false]}], "hexpm", "2768b28bf3c2b4f788c995576b39b8cb5d47eb788526d93bd52206c1d8bf4b75"},
  "earmark_parser": {:hex, :earmark_parser, "1.4.32", "fa739a0ecfa34493de19426681b23f6814573faee95dfd4b4aafe15a7b5b32c6", [:mix], [], "hexpm", "b8b0dd77d60373e77a3d7e8afa598f325e49e8663a51bcc2b88ef41838cca755"},
  "elixir_make": {:hex, :elixir_make, "0.7.6", "67716309dc5d43e16b5abbd00c01b8df6a0c2ab54a8f595468035a50189f9169", [:mix], [{:castore, "~> 0.1 or ~> 1.0", [hex: :castore, repo: "hexpm", optional: true]}], "hexpm", "5a0569756b0f7873a77687800c164cca6dfc03a09418e6fcf853d78991f49940"},
  "ex_doc": {:hex, :ex_doc, "0.29.4", "6257ecbb20c7396b1fe5accd55b7b0d23f44b6aa18017b415cb4c2b91d997729", [:mix], [{:earmark_parser, "~> 1.4.31", [hex: :earmark_parser, repo: "hexpm", optional: false]}, {:makeup_elixir, "~> 0.14", [hex: :makeup_elixir, repo: "hexpm", optional: false]}, {:makeup_erlang, "~> 0.1", [hex: :makeup_erlang, repo: "hexpm", optional: false]}], "hexpm", "2c6699a737ae46cb61e4ed012af931b57b699643b24dabe2400a8168414bc4f5"},
  "image": {:hex, :image, "0.31.1", "015b5698f3a3f8f1b41b1c2adcd368f0bb3d96de2afcc2cbb3d5673180f2e2f5", [:mix], [{:bumblebee, "~> 0.2", [hex: :bumblebee, repo: "hexpm", optional: true]}, {:evision, "~> 0.1.26", [hex: :evision, repo: "hexpm", optional: true]}, {:exla, "~> 0.5", [hex: :exla, repo: "hexpm", optional: true]}, {:jason, "~> 1.4", [hex: :jason, repo: "hexpm", optional: true]}, {:kino, "~> 0.7", [hex: :kino, repo: "hexpm", optional: true]}, {:nx, "~> 0.5", [hex: :nx, repo: "hexpm", optional: true]}, {:phoenix_html, "~> 2.14 or ~> 3.2", [hex: :phoenix_html, repo: "hexpm", optional: false]}, {:plug, "~> 1.13", [hex: :plug, repo: "hexpm", optional: true]}, {:sweet_xml, "~> 0.7", [hex: :sweet_xml, repo: "hexpm", optional: false]}, {:vix, "~> 0.17", [hex: :vix, repo: "hexpm", optional: false]}], "hexpm", "a5935dc16d0cb5fbd112bb2df157ebd25ee284ed2c764ff039093fb192807523"},
  "makeup": {:hex, :makeup, "1.1.0", "6b67c8bc2882a6b6a445859952a602afc1a41c2e08379ca057c0f525366fc3ca", [:mix], [{:nimble_parsec, "~> 1.2.2 or ~> 1.3", [hex: :nimble_parsec, repo: "hexpm", optional: false]}], "hexpm", "0a45ed501f4a8897f580eabf99a2e5234ea3e75a4373c8a52824f6e873be57a6"},
  "makeup_elixir": {:hex, :makeup_elixir, "0.16.1", "cc9e3ca312f1cfeccc572b37a09980287e243648108384b97ff2b76e505c3555", [:mix], [{:makeup, "~> 1.0", [hex: :makeup, repo: "hexpm", optional: false]}, {:nimble_parsec, "~> 1.2.3 or ~> 1.3", [hex: :nimble_parsec, repo: "hexpm", optional: false]}], "hexpm", "e127a341ad1b209bd80f7bd1620a15693a9908ed780c3b763bccf7d200c767c6"},
  "makeup_erlang": {:hex, :makeup_erlang, "0.1.1", "3fcb7f09eb9d98dc4d208f49cc955a34218fc41ff6b84df7c75b3e6e533cc65f", [:mix], [{:makeup, "~> 1.0", [hex: :makeup, repo: "hexpm", optional: false]}], "hexpm", "174d0809e98a4ef0b3309256cbf97101c6ec01c4ab0b23e926a9e17df2077cbb"},
  "nimble_parsec": {:hex, :nimble_parsec, "1.3.1", "2c54013ecf170e249e9291ed0a62e5832f70a476c61da16f6aac6dca0189f2af", [:mix], [], "hexpm", "2682e3c0b2eb58d90c6375fc0cc30bc7be06f365bf72608804fb9cffa5e1b167"},
  "phoenix_html": {:hex, :phoenix_html, "3.3.1", "4788757e804a30baac6b3fc9695bf5562465dd3f1da8eb8460ad5b404d9a2178", [:mix], [{:plug, "~> 1.5", [hex: :plug, repo: "hexpm", optional: true]}], "hexpm", "bed1906edd4906a15fd7b412b85b05e521e1f67c9a85418c55999277e553d0d3"},
  "sweet_xml": {:hex, :sweet_xml, "0.7.3", "debb256781c75ff6a8c5cbf7981146312b66f044a2898f453709a53e5031b45b", [:mix], [], "hexpm", "e110c867a1b3fe74bfc7dd9893aa851f0eed5518d0d7cad76d7baafd30e4f5ba"},
  "vix": {:hex, :vix, "0.19.0", "9a5cc1833ff3d57ff0dd4103850233119f195262cdd55cd8fde3671caef4fca5", [:make, :mix], [{:castore, "~> 0.1 or ~> 1.0", [hex: :castore, repo: "hexpm", optional: false]}, {:cc_precompiler, "~> 0.1.4 or ~> 0.2", [hex: :cc_precompiler, repo: "hexpm", optional: false]}, {:elixir_make, "~> 0.7.3 or ~> 0.8", [hex: :elixir_make, repo: "hexpm", optional: false]}, {:kino, "~> 0.7", [hex: :kino, repo: "hexpm", optional: true]}], "hexpm", "ae40bce053c91b5cfae6af64ce63789cc2ea9090e9d686f29d7251a53f4ec9bb"},
}
